
Microsoft Visual Studio Solution File, Format Version 12.00
# Visual Studio Version 17
VisualStudioVersion = 17.8.34408.163
MinimumVisualStudioVersion = 10.0.40219.1
Project("{9A19103F-16F7-4668-BE54-9A1E7A4F7556}") = "Sameposty.API", "Sameposty.API\Sameposty.API.csproj", "{060647FA-97AB-4380-BE10-CF70C1FA1A45}"
EndProject
Project("{9A19103F-16F7-4668-BE54-9A1E7A4F7556}") = "Sameposty.Services", "Sameposty.Services\Sameposty.Services.csproj", "{2B8FA9BC-679F-440C-8716-D2DDF769EAA8}"
EndProject
Project("{9A19103F-16F7-4668-BE54-9A1E7A4F7556}") = "Sameposty.DataAccess", "Sameposty.DataAccess\Sameposty.DataAccess.csproj", "{524FD842-87BB-4208-877B-ED02245F1D47}"
EndProject
Project("{2150E333-8FDC-42A3-9474-1A3956D46DE8}") = "Tests", "Tests", "{0B176F25-795D-407A-8BCD-62C6C63EC993}"
EndProject
Project("{FAE04EC0-301F-11D3-BF4B-00C04F79EFBC}") = "Sameposty.Services.Tests", "Sameposty.Services.Tests\Sameposty.Services.Tests.csproj", "{21FA585B-99C3-4B9B-B4E6-6E870ED15C37}"
EndProject
Global
	GlobalSection(SolutionConfigurationPlatforms) = preSolution
		Debug|Any CPU = Debug|Any CPU
		Release|Any CPU = Release|Any CPU
	EndGlobalSection
	GlobalSection(ProjectConfigurationPlatforms) = postSolution
		{060647FA-97AB-4380-BE10-CF70C1FA1A45}.Debug|Any CPU.ActiveCfg = Debug|Any CPU
		{060647FA-97AB-4380-BE10-CF70C1FA1A45}.Debug|Any CPU.Build.0 = Debug|Any CPU
		{060647FA-97AB-4380-BE10-CF70C1FA1A45}.Release|Any CPU.ActiveCfg = Release|Any CPU
		{060647FA-97AB-4380-BE10-CF70C1FA1A45}.Release|Any CPU.Build.0 = Release|Any CPU
		{2B8FA9BC-679F-440C-8716-D2DDF769EAA8}.Debug|Any CPU.ActiveCfg = Debug|Any CPU
		{2B8FA9BC-679F-440C-8716-D2DDF769EAA8}.Debug|Any CPU.Build.0 = Debug|Any CPU
		{2B8FA9BC-679F-440C-8716-D2DDF769EAA8}.Release|Any CPU.ActiveCfg = Release|Any CPU
		{2B8FA9BC-679F-440C-8716-D2DDF769EAA8}.Release|Any CPU.Build.0 = Release|Any CPU
		{524FD842-87BB-4208-877B-ED02245F1D47}.Debug|Any CPU.ActiveCfg = Debug|Any CPU
		{524FD842-87BB-4208-877B-ED02245F1D47}.Debug|Any CPU.Build.0 = Debug|Any CPU
		{524FD842-87BB-4208-877B-ED02245F1D47}.Release|Any CPU.ActiveCfg = Release|Any CPU
		{524FD842-87BB-4208-877B-ED02245F1D47}.Release|Any CPU.Build.0 = Release|Any CPU
		{21FA585B-99C3-4B9B-B4E6-6E870ED15C37}.Debug|Any CPU.ActiveCfg = Debug|Any CPU
		{21FA585B-99C3-4B9B-B4E6-6E870ED15C37}.Debug|Any CPU.Build.0 = Debug|Any CPU
		{21FA585B-99C3-4B9B-B4E6-6E870ED15C37}.Release|Any CPU.ActiveCfg = Release|Any CPU
		{21FA585B-99C3-4B9B-B4E6-6E870ED15C37}.Release|Any CPU.Build.0 = Release|Any CPU
	EndGlobalSection
	GlobalSection(SolutionProperties) = preSolution
		HideSolutionNode = FALSE
	EndGlobalSection
	GlobalSection(NestedProjects) = preSolution
		{21FA585B-99C3-4B9B-B4E6-6E870ED15C37} = {0B176F25-795D-407A-8BCD-62C6C63EC993}
	EndGlobalSection
	GlobalSection(ExtensibilityGlobals) = postSolution
		SolutionGuid = {B7B79D52-966B-43C7-AC41-3C8F06FB5D01}
	EndGlobalSection
EndGlobal
